{
  "nodes": {
    "ags": {
      "inputs": {
        "astal": [
          "astal"
        ],
        "gnim": "gnim",
        "nixpkgs": [
          "nixpkgs"
        ]
      },
      "locked": {
        "lastModified": 1753974398,
        "narHash": "sha256-BcqTJiLyP2OYhZB4UI3+Vn43x5ZfGxUJcyO6k1NzLew=",
        "owner": "aylur",
        "repo": "ags",
        "rev": "4b208a05dfdfc549f736f8b61df43ea8b734787a",
        "type": "github"
      },
      "original": {
        "owner": "aylur",
        "repo": "ags",
        "type": "github"
      }
    },
    "astal": {
      "inputs": {
        "nixpkgs": [
          "nixpkgs"
        ]
      },
      "locked": {
        "lastModified": 1753099410,
        "narHash": "sha256-5YhKP2ibNfxCcJLa3FbnQ2hFsJuoYIEunmU+t93iaX8=",
        "owner": "spotdemo4",
        "repo": "astal",
        "rev": "ad675c4a211a9f9886bb0ee1738398cc76b5ebf9",
        "type": "github"
      },
      "original": {
        "owner": "spotdemo4",
        "ref": "fix-monitor-removed",
        "repo": "astal",
        "type": "github"
      }
    },
    "flake-parts": {
      "inputs": {
        "nixpkgs-lib": [
          "nur",
          "nixpkgs"
        ]
      },
      "locked": {
        "lastModified": 1733312601,
        "narHash": "sha256-4pDvzqnegAfRkPwO3wmwBhVi/Sye1mzps0zHWYnP88c=",
        "owner": "hercules-ci",
        "repo": "flake-parts",
        "rev": "205b12d8b7cd4802fbcb8e8ef6a0f1408781a4f9",
        "type": "github"
      },
      "original": {
        "owner": "hercules-ci",
        "repo": "flake-parts",
        "type": "github"
      }
    },
    "gnim": {
      "flake": false,
      "locked": {
        "lastModified": 1753090800,
        "narHash": "sha256-6sS6KHong2cMGn+6xJwjiizZzwu2XUmp++DtiKZhFMU=",
        "owner": "aylur",
        "repo": "gnim",
        "rev": "2f58f8444c4cb8fefeab7a9901a33e99cfa92457",
        "type": "github"
      },
      "original": {
        "owner": "aylur",
        "repo": "gnim",
        "type": "github"
      }
    },
    "nixpkgs": {
      "locked": {
        "lastModified": 1753939845,
        "narHash": "sha256-K2ViRJfdVGE8tpJejs8Qpvvejks1+A4GQej/lBk5y7I=",
        "owner": "nixos",
        "repo": "nixpkgs",
        "rev": "94def634a20494ee057c76998843c015909d6311",
        "type": "github"
      },
      "original": {
        "owner": "nixos",
        "ref": "nixos-unstable",
        "repo": "nixpkgs",
        "type": "github"
      }
    },
    "nur": {
      "inputs": {
        "flake-parts": "flake-parts",
        "nixpkgs": [
          "nixpkgs"
        ]
      },
      "locked": {
        "lastModified": 1754265048,
        "narHash": "sha256-384h1OvuvzhlTcQcHzHo6ZGMUUqDiAzC6JVxPL/5H5w=",
        "owner": "nix-community",
        "repo": "NUR",
        "rev": "39c9fa97816651dbab8346b9c035eace782ed283",
        "type": "github"
      },
      "original": {
        "owner": "nix-community",
        "repo": "NUR",
        "type": "github"
      }
    },
    "root": {
      "inputs": {
        "ags": "ags",
        "astal": "astal",
        "nixpkgs": "nixpkgs",
        "nur": "nur",
        "systems": "systems",
        "utils": "utils"
      }
    },
    "systems": {
      "locked": {
        "lastModified": 1681028828,
        "narHash": "sha256-Vy1rq5AaRuLzOxct8nz4T6wlgyUR7zLU309k9mBC768=",
        "owner": "nix-systems",
        "repo": "default",
        "rev": "da67096a3b9bf56a91d16901293e51ba5b49a27e",
        "type": "github"
      },
      "original": {
        "id": "systems",
        "type": "indirect"
      }
    },
    "utils": {
      "inputs": {
        "systems": [
          "systems"
        ]
      },
      "locked": {
        "lastModified": 1731533236,
        "narHash": "sha256-l0KFg5HjrsfsO/JpG+r7fRrqm12kzFHyUHqHCVpMMbI=",
        "owner": "numtide",
        "repo": "flake-utils",
        "rev": "11707dc2f618dd54ca8739b309ec4fc024de578b",
        "type": "github"
      },
      "original": {
        "owner": "numtide",
        "repo": "flake-utils",
        "type": "github"
      }
    }
  },
  "root": "root",
  "version": 7
}
